
Microsoft Visual Studio Solution File, Format Version 12.00
# Visual Studio Version 17
VisualStudioVersion = 17.12.35707.178
MinimumVisualStudioVersion = 10.0.40219.1
Project("{2150E333-8FDC-42A3-9474-1A3956D46DE8}") = "Lesson_02", "Lesson_02", "{FC4E97FD-8C0D-4539-8301-E91BDEBAF7EC}"
EndProject
Project("{FAE04EC0-301F-11D3-BF4B-00C04F79EFBC}") = "Task_02_02", "Task_02_02\Task_02_02.csproj", "{F8F91742-98DE-4B74-BE58-B0FA341E43B3}"
EndProject
Project("{2150E333-8FDC-42A3-9474-1A3956D46DE8}") = "Lesson_03", "Lesson_03", "{B356CF8A-35C7-42C7-837A-C3083858006A}"
EndProject
Project("{FAE04EC0-301F-11D3-BF4B-00C04F79EFBC}") = "Task_03_04", "Task_03_04\Task_03_04.csproj", "{EBAA30F1-4D52-4283-90C2-52205ED44153}"
EndProject
Project("{FAE04EC0-301F-11D3-BF4B-00C04F79EFBC}") = "Task_02_04", "Task_02_04\Task_02_04.csproj", "{649249B6-18F3-425F-9B59-8202C2CF570F}"
EndProject
Project("{2150E333-8FDC-42A3-9474-1A3956D46DE8}") = "Lesson_05", "Lesson_05", "{A07CDA2A-EFD8-4D44-AE1F-59ECFA2B3217}"
EndProject
Project("{FAE04EC0-301F-11D3-BF4B-00C04F79EFBC}") = "Task_05_01", "Task_05_01\Task_05_01.csproj", "{FCAAA436-9D27-4BEC-859A-67F6ACA89B09}"
EndProject
Project("{FAE04EC0-301F-11D3-BF4B-00C04F79EFBC}") = "Task_03_05", "Task_03_05\Task_03_05.csproj", "{B6CF4F1A-CA07-4695-9598-BD4F406CA8BD}"
EndProject
Project("{FAE04EC0-301F-11D3-BF4B-00C04F79EFBC}") = "Task_03_06", "Task_03_06\Task_03_06.csproj", "{BF9A830B-CEC1-45B0-8B07-A86705AE0D3A}"
EndProject
Global
	GlobalSection(SolutionConfigurationPlatforms) = preSolution
		Debug|Any CPU = Debug|Any CPU
		Release|Any CPU = Release|Any CPU
	EndGlobalSection
	GlobalSection(ProjectConfigurationPlatforms) = postSolution
		{F8F91742-98DE-4B74-BE58-B0FA341E43B3}.Debug|Any CPU.ActiveCfg = Debug|Any CPU
		{F8F91742-98DE-4B74-BE58-B0FA341E43B3}.Debug|Any CPU.Build.0 = Debug|Any CPU
		{F8F91742-98DE-4B74-BE58-B0FA341E43B3}.Release|Any CPU.ActiveCfg = Release|Any CPU
		{F8F91742-98DE-4B74-BE58-B0FA341E43B3}.Release|Any CPU.Build.0 = Release|Any CPU
		{EBAA30F1-4D52-4283-90C2-52205ED44153}.Debug|Any CPU.ActiveCfg = Debug|Any CPU
		{EBAA30F1-4D52-4283-90C2-52205ED44153}.Debug|Any CPU.Build.0 = Debug|Any CPU
		{EBAA30F1-4D52-4283-90C2-52205ED44153}.Release|Any CPU.ActiveCfg = Release|Any CPU
		{EBAA30F1-4D52-4283-90C2-52205ED44153}.Release|Any CPU.Build.0 = Release|Any CPU
		{649249B6-18F3-425F-9B59-8202C2CF570F}.Debug|Any CPU.ActiveCfg = Debug|Any CPU
		{649249B6-18F3-425F-9B59-8202C2CF570F}.Debug|Any CPU.Build.0 = Debug|Any CPU
		{649249B6-18F3-425F-9B59-8202C2CF570F}.Release|Any CPU.ActiveCfg = Release|Any CPU
		{649249B6-18F3-425F-9B59-8202C2CF570F}.Release|Any CPU.Build.0 = Release|Any CPU
		{FCAAA436-9D27-4BEC-859A-67F6ACA89B09}.Debug|Any CPU.ActiveCfg = Debug|Any CPU
		{FCAAA436-9D27-4BEC-859A-67F6ACA89B09}.Debug|Any CPU.Build.0 = Debug|Any CPU
		{FCAAA436-9D27-4BEC-859A-67F6ACA89B09}.Release|Any CPU.ActiveCfg = Release|Any CPU
		{FCAAA436-9D27-4BEC-859A-67F6ACA89B09}.Release|Any CPU.Build.0 = Release|Any CPU
		{B6CF4F1A-CA07-4695-9598-BD4F406CA8BD}.Debug|Any CPU.ActiveCfg = Debug|Any CPU
		{B6CF4F1A-CA07-4695-9598-BD4F406CA8BD}.Debug|Any CPU.Build.0 = Debug|Any CPU
		{B6CF4F1A-CA07-4695-9598-BD4F406CA8BD}.Release|Any CPU.ActiveCfg = Release|Any CPU
		{B6CF4F1A-CA07-4695-9598-BD4F406CA8BD}.Release|Any CPU.Build.0 = Release|Any CPU
		{BF9A830B-CEC1-45B0-8B07-A86705AE0D3A}.Debug|Any CPU.ActiveCfg = Debug|Any CPU
		{BF9A830B-CEC1-45B0-8B07-A86705AE0D3A}.Debug|Any CPU.Build.0 = Debug|Any CPU
		{BF9A830B-CEC1-45B0-8B07-A86705AE0D3A}.Release|Any CPU.ActiveCfg = Release|Any CPU
		{BF9A830B-CEC1-45B0-8B07-A86705AE0D3A}.Release|Any CPU.Build.0 = Release|Any CPU
	EndGlobalSection
	GlobalSection(SolutionProperties) = preSolution
		HideSolutionNode = FALSE
	EndGlobalSection
	GlobalSection(NestedProjects) = preSolution
		{F8F91742-98DE-4B74-BE58-B0FA341E43B3} = {FC4E97FD-8C0D-4539-8301-E91BDEBAF7EC}
		{EBAA30F1-4D52-4283-90C2-52205ED44153} = {B356CF8A-35C7-42C7-837A-C3083858006A}
		{649249B6-18F3-425F-9B59-8202C2CF570F} = {FC4E97FD-8C0D-4539-8301-E91BDEBAF7EC}
		{FCAAA436-9D27-4BEC-859A-67F6ACA89B09} = {A07CDA2A-EFD8-4D44-AE1F-59ECFA2B3217}
		{B6CF4F1A-CA07-4695-9598-BD4F406CA8BD} = {B356CF8A-35C7-42C7-837A-C3083858006A}
		{BF9A830B-CEC1-45B0-8B07-A86705AE0D3A} = {B356CF8A-35C7-42C7-837A-C3083858006A}
	EndGlobalSection
EndGlobal
